{
  "version": 4,
  "terraform_version": "1.15.2",
  "serial": 7,
  "lineage": "0e5617d5-e9b1-1e8c-c454-352e8f6971e3",
  "outputs": {
    "creator_url": {
      "value": "brezzy1337",
      "type": "string"
    },
    "repository_url": {
      "value": "https://github.com/brezzy1337/development-terraform-demo",
      "type": "string"
    }
  },
  "resources": [
    {
      "mode": "data",
      "type": "github_user",
      "name": "current",
      "provider": "provider[\"registry.terraform.io/integrations/github\"]",
      "instances": [
        {
          "schema_version": 0,
          "attributes": {
            "avatar_url": "https://avatars.githubusercontent.com/u/90067281?v=4",
            "bio": "",
            "blog": "devindigital.space",
            "company": "",
            "created_at": "2021-09-03 20:02:08 +0000 UTC",
            "email": "",
            "followers": 2,
            "following": 13,
            "gpg_keys": [],
            "gravatar_id": "",
            "id": "90067281",
            "location": "United States",
            "login": "brezzy1337",
            "name": "Devin Phat",
            "node_id": "MDQ6VXNlcjkwMDY3Mjgx",
            "public_gists": 0,
            "public_repos": 23,
            "site_admin": false,
            "ssh_keys": [],
            "suspended_at": "0001-01-01 00:00:00 +0000 UTC",
            "updated_at": "2026-05-07 15:56:43 +0000 UTC",
            "username": null
          },
          "sensitive_attributes": [],
          "identity_schema_version": 0
        }
      ]
    },
    {
      "mode": "managed",
      "type": "github_repository",
      "name": "production",
      "provider": "provider[\"registry.terraform.io/integrations/github\"]",
      "instances": [
        {
          "schema_version": 1,
          "attributes": {
            "allow_auto_merge": false,
            "allow_merge_commit": true,
            "allow_rebase_merge": true,
            "allow_squash_merge": true,
            "allow_update_branch": false,
            "archive_on_destroy": null,
            "archived": false,
            "auto_init": null,
            "default_branch": "main",
            "delete_branch_on_merge": false,
            "description": "Staging environment repository managed by brezzy1337",
            "etag": "W/\"52e9bbdf369db242a8dae216f595ff49c5e1ae1d38e2489f3471f455caa2c10d\"",
            "full_name": "brezzy1337/staging-terraform-demo",
            "git_clone_url": "git://github.com/brezzy1337/staging-terraform-demo.git",
            "gitignore_template": null,
            "has_discussions": false,
            "has_downloads": false,
            "has_issues": true,
            "has_projects": false,
            "has_wiki": true,
            "homepage_url": "",
            "html_url": "https://github.com/brezzy1337/staging-terraform-demo",
            "http_clone_url": "https://github.com/brezzy1337/staging-terraform-demo.git",
            "id": "staging-terraform-demo",
            "ignore_vulnerability_alerts_during_read": null,
            "is_template": false,
            "license_template": null,
            "merge_commit_message": "PR_TITLE",
            "merge_commit_title": "MERGE_MESSAGE",
            "name": "staging-terraform-demo",
            "node_id": "R_kgDOSbtWkQ",
            "pages": [],
            "primary_language": "",
            "private": false,
            "repo_id": 1237014161,
            "security_and_analysis": [
              {
                "advanced_security": [],
                "secret_scanning": [
                  {
                    "status": "enabled"
                  }
                ],
                "secret_scanning_push_protection": [
                  {
                    "status": "enabled"
                  }
                ]
              }
            ],
            "squash_merge_commit_message": "COMMIT_MESSAGES",
            "squash_merge_commit_title": "COMMIT_OR_PR_TITLE",
            "ssh_clone_url": "git@github.com:brezzy1337/staging-terraform-demo.git",
            "svn_url": "https://github.com/brezzy1337/staging-terraform-demo",
            "template": [],
            "topics": [
              "staging",
              "terraform-demo",
              "terraform-managed"
            ],
            "visibility": "public",
            "vulnerability_alerts": false,
            "web_commit_signoff_required": false
          },
          "sensitive_attributes": [],
          "identity_schema_version": 0,
          "private": "eyJzY2hlbWFfdmVyc2lvbiI6IjEifQ==",
          "dependencies": [
            "data.github_user.current"
          ]
        }
      ]
    }
  ],
  "check_results": null
}
